
Microsoft Visual Studio Solution File, Format Version 12.00
# Visual Studio Version 16
VisualStudioVersion = 16.0.36324.18
MinimumVisualStudioVersion = 10.0.40219.1
Project("{FAE04EC0-301F-11D3-BF4B-00C04F79EFBC}") = "EmpleadosPrueba", "EmpleadosPrueba\EmpleadosPrueba.csproj", "{D9DFE6DD-B8E1-4701-B356-60DFB57CFCF6}"
EndProject
Global
	GlobalSection(SolutionConfigurationPlatforms) = preSolution
		Debug|Any CPU = Debug|Any CPU
		Release|Any CPU = Release|Any CPU
	EndGlobalSection
	GlobalSection(ProjectConfigurationPlatforms) = postSolution
		{D9DFE6DD-B8E1-4701-B356-60DFB57CFCF6}.Debug|Any CPU.ActiveCfg = Debug|Any CPU
		{D9DFE6DD-B8E1-4701-B356-60DFB57CFCF6}.Debug|Any CPU.Build.0 = Debug|Any CPU
		{D9DFE6DD-B8E1-4701-B356-60DFB57CFCF6}.Release|Any CPU.ActiveCfg = Release|Any CPU
		{D9DFE6DD-B8E1-4701-B356-60DFB57CFCF6}.Release|Any CPU.Build.0 = Release|Any CPU
	EndGlobalSection
	GlobalSection(SolutionProperties) = preSolution
		HideSolutionNode = FALSE
	EndGlobalSection
	GlobalSection(ExtensibilityGlobals) = postSolution
		SolutionGuid = {6A07C403-41C3-41A6-8D98-C8429ECCDBE3}
	EndGlobalSection
EndGlobal
